// !$*UTF8*$!
{
	archiveVersion = 1;
	classes = {
	};
	objectVersion = 46;
	objects = {

/* Begin PBXBuildFile section */
		1C22668319A43E8B00B20C59 /* Foundation.framework in Frameworks */ = {isa = PBXBuildFile; fileRef = 1C22668219A43E8B00B20C59 /* Foundation.framework */; };
		1C22668519A43E8B00B20C59 /* CoreGraphics.framework in Frameworks */ = {isa = PBXBuildFile; fileRef = 1C22668419A43E8B00B20C59 /* CoreGraphics.framework */; };
		1C22668719A43E8B00B20C59 /* UIKit.framework in Frameworks */ = {isa = PBXBuildFile; fileRef = 1C22668619A43E8B00B20C59 /* UIKit.framework */; };
		1C22668D19A43E8B00B20C59 /* InfoPlist.strings in Resources */ = {isa = PBXBuildFile; fileRef = 1C22668B19A43E8B00B20C59 /* InfoPlist.strings */; };
		1C22668F19A43E8B00B20C59 /* main.m in Sources */ = {isa = PBXBuildFile; fileRef = 1C22668E19A43E8B00B20C59 /* main.m */; };
		1C22669319A43E8B00B20C59 /* BWAppDelegate.m in Sources */ = {isa = PBXBuildFile; fileRef = 1C22669219A43E8B00B20C59 /* BWAppDelegate.m */; };
		1C22669619A43E8B00B20C59 /* Main.storyboard in Resources */ = {isa = PBXBuildFile; fileRef = 1C22669419A43E8B00B20C59 /* Main.storyboard */; };
		1C22669B19A43E8B00B20C59 /* Images.xcassets in Resources */ = {isa = PBXBuildFile; fileRef = 1C22669A19A43E8B00B20C59 /* Images.xcassets */; };
		1C2266A219A43E8B00B20C59 /* XCTest.framework in Frameworks */ = {isa = PBXBuildFile; fileRef = 1C2266A119A43E8B00B20C59 /* XCTest.framework */; };
		1C2266A319A43E8B00B20C59 /* Foundation.framework in Frameworks */ = {isa = PBXBuildFile; fileRef = 1C22668219A43E8B00B20C59 /* Foundation.framework */; };
		1C2266A419A43E8B00B20C59 /* UIKit.framework in Frameworks */ = {isa = PBXBuildFile; fileRef = 1C22668619A43E8B00B20C59 /* UIKit.framework */; };
		1C2266AC19A43E8B00B20C59 /* InfoPlist.strings in Resources */ = {isa = PBXBuildFile; fileRef = 1C2266AA19A43E8B00B20C59 /* InfoPlist.strings */; };
		1C2266AE19A43E8B00B20C59 /* NSUserDefaults__Segues__and_Protocols_Challenge_SolutionTests.m in Sources */ = {isa = PBXBuildFile; fileRef = 1C2266AD19A43E8B00B20C59 /* NSUserDefaults__Segues__and_Protocols_Challenge_SolutionTests.m */; };
		1C2266B919A43EC100B20C59 /* SignInViewController.m in Sources */ = {isa = PBXBuildFile; fileRef = 1C2266B819A43EC100B20C59 /* SignInViewController.m */; };
		1C2266BC19A43EDD00B20C59 /* CreateAccountViewController.m in Sources */ = {isa = PBXBuildFile; fileRef = 1C2266BB19A43EDD00B20C59 /* CreateAccountViewController.m */; };
		1C2266BF19A43F1300B20C59 /* BWViewController.m in Sources */ = {isa = PBXBuildFile; fileRef = 1C2266BE19A43F1300B20C59 /* BWViewController.m */; };
/* End PBXBuildFile section */

/* Begin PBXContainerItemProxy section */
		1C2266A519A43E8B00B20C59 /* PBXContainerItemProxy */ = {
			isa = PBXContainerItemProxy;
			containerPortal = 1C22667719A43E8B00B20C59 /* Project object */;
			proxyType = 1;
			remoteGlobalIDString = 1C22667E19A43E8B00B20C59;
			remoteInfo = "NSUserDefaults, Segues, and Protocols Challenge Solution";
		};
/* End PBXContainerItemProxy section */

/* Begin PBXFileReference section */
		1C22667F19A43E8B00B20C59 /* NSUserDefaults, Segues, and Protocols Challenge Solution.app */ = {isa = PBXFileReference; explicitFileType = wrapper.application; includeInIndex = 0; path = "NSUserDefaults, Segues, and Protocols Challenge Solution.app"; sourceTree = BUILT_PRODUCTS_DIR; };
		1C22668219A43E8B00B20C59 /* Foundation.framework */ = {isa = PBXFileReference; lastKnownFileType = wrapper.framework; name = Foundation.framework; path = System/Library/Frameworks/Foundation.framework; sourceTree = SDKROOT; };
		1C22668419A43E8B00B20C59 /* CoreGraphics.framework */ = {isa = PBXFileReference; lastKnownFileType = wrapper.framework; name = CoreGraphics.framework; path = System/Library/Frameworks/CoreGraphics.framework; sourceTree = SDKROOT; };
		1C22668619A43E8B00B20C59 /* UIKit.framework */ = {isa = PBXFileReference; lastKnownFileType = wrapper.framework; name = UIKit.framework; path = System/Library/Frameworks/UIKit.framework; sourceTree = SDKROOT; };
		1C22668A19A43E8B00B20C59 /* NSUserDefaults, Segues, and Protocols Challenge Solution-Info.plist */ = {isa = PBXFileReference; lastKnownFileType = text.plist.xml; path = "NSUserDefaults, Segues, and Protocols Challenge Solution-Info.plist"; sourceTree = "<group>"; };
		1C22668C19A43E8B00B20C59 /* en */ = {isa = PBXFileReference; lastKnownFileType = text.plist.strings; name = en; path = en.lproj/InfoPlist.strings; sourceTree = "<group>"; };
		1C22668E19A43E8B00B20C59 /* main.m */ = {isa = PBXFileReference; lastKnownFileType = sourcecode.c.objc; path = main.m; sourceTree = "<group>"; };
		1C22669019A43E8B00B20C59 /* NSUserDefaults, Segues, and Protocols Challenge Solution-Prefix.pch */ = {isa = PBXFileReference; lastKnownFileType = sourcecode.c.h; path = "NSUserDefaults, Segues, and Protocols Challenge Solution-Prefix.pch"; sourceTree = "<group>"; };
		1C22669119A43E8B00B20C59 /* BWAppDelegate.h */ = {isa = PBXFileReference; lastKnownFileType = sourcecode.c.h; path = BWAppDelegate.h; sourceTree = "<group>"; };
		1C22669219A43E8B00B20C59 /* BWAppDelegate.m */ = {isa = PBXFileReference; lastKnownFileType = sourcecode.c.objc; path = BWAppDelegate.m; sourceTree = "<group>"; };
		1C22669519A43E8B00B20C59 /* Base */ = {isa = PBXFileReference; lastKnownFileType = file.storyboard; name = Base; path = Base.lproj/Main.storyboard; sourceTree = "<group>"; };
		1C22669A19A43E8B00B20C59 /* Images.xcassets */ = {isa = PBXFileReference; lastKnownFileType = folder.assetcatalog; path = Images.xcassets; sourceTree = "<group>"; };
		1C2266A019A43E8B00B20C59 /* NSUserDefaults, Segues, and Protocols Challenge SolutionTests.xctest */ = {isa = PBXFileReference; explicitFileType = wrapper.cfbundle; includeInIndex = 0; path = "NSUserDefaults, Segues, and Protocols Challenge SolutionTests.xctest"; sourceTree = BUILT_PRODUCTS_DIR; };
		1C2266A119A43E8B00B20C59 /* XCTest.framework */ = {isa = PBXFileReference; lastKnownFileType = wrapper.framework; name = XCTest.framework; path = Library/Frameworks/XCTest.framework; sourceTree = DEVELOPER_DIR; };
		1C2266A919A43E8B00B20C59 /* NSUserDefaults, Segues, and Protocols Challenge SolutionTests-Info.plist */ = {isa = PBXFileReference; lastKnownFileType = text.plist.xml; path = "NSUserDefaults, Segues, and Protocols Challenge SolutionTests-Info.plist"; sourceTree = "<group>"; };
		1C2266AB19A43E8B00B20C59 /* en */ = {isa = PBXFileReference; lastKnownFileType = text.plist.strings; name = en; path = en.lproj/InfoPlist.strings; sourceTree = "<group>"; };
		1C2266AD19A43E8B00B20C59 /* NSUserDefaults__Segues__and_Protocols_Challenge_SolutionTests.m */ = {isa = PBXFileReference; lastKnownFileType = sourcecode.c.objc; path = NSUserDefaults__Segues__and_Protocols_Challenge_SolutionTests.m; sourceTree = "<group>"; };
		1C2266B719A43EC100B20C59 /* SignInViewController.h */ = {isa = PBXFileReference; fileEncoding = 4; lastKnownFileType = sourcecode.c.h; name = SignInViewController.h; path = ../SignInViewController.h; sourceTree = "<group>"; };
		1C2266B819A43EC100B20C59 /* SignInViewController.m */ = {isa = PBXFileReference; fileEncoding = 4; lastKnownFileType = sourcecode.c.objc; name = SignInViewController.m; path = ../SignInViewController.m; sourceTree = "<group>"; };
		1C2266BA19A43EDD00B20C59 /* CreateAccountViewController.h */ = {isa = PBXFileReference; fileEncoding = 4; lastKnownFileType = sourcecode.c.h; name = CreateAccountViewController.h; path = ../CreateAccountViewController.h; sourceTree = "<group>"; };
		1C2266BB19A43EDD00B20C59 /* CreateAccountViewController.m */ = {isa = PBXFileReference; fileEncoding = 4; lastKnownFileType = sourcecode.c.objc; name = CreateAccountViewController.m; path = ../CreateAccountViewController.m; sourceTree = "<group>"; };
		1C2266BD19A43F1300B20C59 /* BWViewController.h */ = {isa = PBXFileReference; fileEncoding = 4; lastKnownFileType = sourcecode.c.h; path = BWViewController.h; sourceTree = "<group>"; };
		1C2266BE19A43F1300B20C59 /* BWViewController.m */ = {isa = PBXFileReference; fileEncoding = 4; lastKnownFileType = sourcecode.c.objc; path = BWViewController.m; sourceTree = "<group>"; };
/* End PBXFileReference section */

/* Begin PBXFrameworksBuildPhase section */
		1C22667C19A43E8B00B20C59 /* Frameworks */ = {
			isa = PBXFrameworksBuildPhase;
			buildActionMask = 2147483647;
			files = (
				1C22668519A43E8B00B20C59 /* CoreGraphics.framework in Frameworks */,
				1C22668719A43E8B00B20C59 /* UIKit.framework in Frameworks */,
				1C22668319A43E8B00B20C59 /* Foundation.framework in Frameworks */,
			);
			runOnlyForDeploymentPostprocessing = 0;
		};
		1C22669D19A43E8B00B20C59 /* Frameworks */ = {
			isa = PBXFrameworksBuildPhase;
			buildActionMask = 2147483647;
			files = (
				1C2266A219A43E8B00B20C59 /* XCTest.framework in Frameworks */,
				1C2266A419A43E8B00B20C59 /* UIKit.framework in Frameworks */,
				1C2266A319A43E8B00B20C59 /* Foundation.framework in Frameworks */,
			);
			runOnlyForDeploymentPostprocessing = 0;
		};
/* End PBXFrameworksBuildPhase section */

/* Begin PBXGroup section */
		1C22667619A43E8B00B20C59 = {
			isa = PBXGroup;
			children = (
				1C22668819A43E8B00B20C59 /* NSUserDefaults, Segues, and Protocols Challenge Solution */,
				1C2266A719A43E8B00B20C59 /* NSUserDefaults, Segues, and Protocols Challenge SolutionTests */,
				1C22668119A43E8B00B20C59 /* Frameworks */,
				1C22668019A43E8B00B20C59 /* Products */,
			);
			sourceTree = "<group>";
		};
		1C22668019A43E8B00B20C59 /* Products */ = {
			isa = PBXGroup;
			children = (
				1C22667F19A43E8B00B20C59 /* NSUserDefaults, Segues, and Protocols Challenge Solution.app */,
				1C2266A019A43E8B00B20C59 /* NSUserDefaults, Segues, and Protocols Challenge SolutionTests.xctest */,
			);
			name = Products;
			sourceTree = "<group>";
		};
		1C22668119A43E8B00B20C59 /* Frameworks */ = {
			isa = PBXGroup;
			children = (
				1C22668219A43E8B00B20C59 /* Foundation.framework */,
				1C22668419A43E8B00B20C59 /* CoreGraphics.framework */,
				1C22668619A43E8B00B20C59 /* UIKit.framework */,
				1C2266A119A43E8B00B20C59 /* XCTest.framework */,
			);
			name = Frameworks;
			sourceTree = "<group>";
		};
		1C22668819A43E8B00B20C59 /* NSUserDefaults, Segues, and Protocols Challenge Solution */ = {
			isa = PBXGroup;
			children = (
				1C22669119A43E8B00B20C59 /* BWAppDelegate.h */,
				1C22669219A43E8B00B20C59 /* BWAppDelegate.m */,
				1C22669419A43E8B00B20C59 /* Main.storyboard */,
				1C2266BD19A43F1300B20C59 /* BWViewController.h */,
				1C2266BE19A43F1300B20C59 /* BWViewController.m */,
				1C2266B719A43EC100B20C59 /* SignInViewController.h */,
				1C2266B819A43EC100B20C59 /* SignInViewController.m */,
				1C2266BA19A43EDD00B20C59 /* CreateAccountViewController.h */,
				1C2266BB19A43EDD00B20C59 /* CreateAccountViewController.m */,
				1C22669A19A43E8B00B20C59 /* Images.xcassets */,
				1C22668919A43E8B00B20C59 /* Supporting Files */,
			);
			path = "NSUserDefaults, Segues, and Protocols Challenge Solution";
			sourceTree = "<group>";
		};
		1C22668919A43E8B00B20C59 /* Supporting Files */ = {
			isa = PBXGroup;
			children = (
				1C22668A19A43E8B00B20C59 /* NSUserDefaults, Segues, and Protocols Challenge Solution-Info.plist */,
				1C22668B19A43E8B00B20C59 /* InfoPlist.strings */,
				1C22668E19A43E8B00B20C59 /* main.m */,
				1C22669019A43E8B00B20C59 /* NSUserDefaults, Segues, and Protocols Challenge Solution-Prefix.pch */,
			);
			name = "Supporting Files";
			sourceTree = "<group>";
		};
		1C2266A719A43E8B00B20C59 /* NSUserDefaults, Segues, and Protocols Challenge SolutionTests */ = {
			isa = PBXGroup;
			children = (
				1C2266AD19A43E8B00B20C59 /* NSUserDefaults__Segues__and_Protocols_Challenge_SolutionTests.m */,
				1C2266A819A43E8B00B20C59 /* Supporting Files */,
			);
			path = "NSUserDefaults, Segues, and Protocols Challenge SolutionTests";
			sourceTree = "<group>";
		};
		1C2266A819A43E8B00B20C59 /* Supporting Files */ = {
			isa = PBXGroup;
			children = (
				1C2266A919A43E8B00B20C59 /* NSUserDefaults, Segues, and Protocols Challenge SolutionTests-Info.plist */,
				1C2266AA19A43E8B00B20C59 /* InfoPlist.strings */,
			);
			name = "Supporting Files";
			sourceTree = "<group>";
		};
/* End PBXGroup section */

/* Begin PBXNativeTarget section */
		1C22667E19A43E8B00B20C59 /* NSUserDefaults, Segues, and Protocols Challenge Solution */ = {
			isa = PBXNativeTarget;
			buildConfigurationList = 1C2266B119A43E8B00B20C59 /* Build configuration list for PBXNativeTarget "NSUserDefaults, Segues, and Protocols Challenge Solution" */;
			buildPhases = (
				1C22667B19A43E8B00B20C59 /* Sources */,
				1C22667C19A43E8B00B20C59 /* Frameworks */,
				1C22667D19A43E8B00B20C59 /* Resources */,
			);
			buildRules = (
			);
			dependencies = (
			);
			name = "NSUserDefaults, Segues, and Protocols Challenge Solution";
			productName = "NSUserDefaults, Segues, and Protocols Challenge Solution";
			productReference = 1C22667F19A43E8B00B20C59 /* NSUserDefaults, Segues, and Protocols Challenge Solution.app */;
			productType = "com.apple.product-type.application";
		};
		1C22669F19A43E8B00B20C59 /* NSUserDefaults, Segues, and Protocols Challenge SolutionTests */ = {
			isa = PBXNativeTarget;
			buildConfigurationList = 1C2266B419A43E8B00B20C59 /* Build configuration list for PBXNativeTarget "NSUserDefaults, Segues, and Protocols Challenge SolutionTests" */;
			buildPhases = (
				1C22669C19A43E8B00B20C59 /* Sources */,
				1C22669D19A43E8B00B20C59 /* Frameworks */,
				1C22669E19A43E8B00B20C59 /* Resources */,
			);
			buildRules = (
			);
			dependencies = (
				1C2266A619A43E8B00B20C59 /* PBXTargetDependency */,
			);
			name = "NSUserDefaults, Segues, and Protocols Challenge SolutionTests";
			productName = "NSUserDefaults, Segues, and Protocols Challenge SolutionTests";
			productReference = 1C2266A019A43E8B00B20C59 /* NSUserDefaults, Segues, and Protocols Challenge SolutionTests.xctest */;
			productType = "com.apple.product-type.bundle.unit-test";
		};
/* End PBXNativeTarget section */

/* Begin PBXProject section */
		1C22667719A43E8B00B20C59 /* Project object */ = {
			isa = PBXProject;
			attributes = {
				CLASSPREFIX = BW;
				LastUpgradeCheck = 0510;
				ORGANIZATIONNAME = "Bradley White";
				TargetAttributes = {
					1C22669F19A43E8B00B20C59 = {
						TestTargetID = 1C22667E19A43E8B00B20C59;
					};
				};
			};
			buildConfigurationList = 1C22667A19A43E8B00B20C59 /* Build configuration list for PBXProject "NSUserDefaults, Segues, and Protocols Challenge Solution" */;
			compatibilityVersion = "Xcode 3.2";
			developmentRegion = English;
			hasScannedForEncodings = 0;
			knownRegions = (
				en,
				Base,
			);
			mainGroup = 1C22667619A43E8B00B20C59;
			productRefGroup = 1C22668019A43E8B00B20C59 /* Products */;
			projectDirPath = "";
			projectRoot = "";
			targets = (
				1C22667E19A43E8B00B20C59 /* NSUserDefaults, Segues, and Protocols Challenge Solution */,
				1C22669F19A43E8B00B20C59 /* NSUserDefaults, Segues, and Protocols Challenge SolutionTests */,
			);
		};
/* End PBXProject section */

/* Begin PBXResourcesBuildPhase section */
		1C22667D19A43E8B00B20C59 /* Resources */ = {
			isa = PBXResourcesBuildPhase;
			buildActionMask = 2147483647;
			files = (
				1C22669B19A43E8B00B20C59 /* Images.xcassets in Resources */,
				1C22668D19A43E8B00B20C59 /* InfoPlist.strings in Resources */,
				1C22669619A43E8B00B20C59 /* Main.storyboard in Resources */,
			);
			runOnlyForDeploymentPostprocessing = 0;
		};
		1C22669E19A43E8B00B20C59 /* Resources */ = {
			isa = PBXResourcesBuildPhase;
			buildActionMask = 2147483647;
			files = (
				1C2266AC19A43E8B00B20C59 /* InfoPlist.strings in Resources */,
			);
			runOnlyForDeploymentPostprocessing = 0;
		};
/* End PBXResourcesBuildPhase section */

/* Begin PBXSourcesBuildPhase section */
		1C22667B19A43E8B00B20C59 /* Sources */ = {
			isa = PBXSourcesBuildPhase;
			buildActionMask = 2147483647;
			files = (
				1C2266BC19A43EDD00B20C59 /* CreateAccountViewController.m in Sources */,
				1C22668F19A43E8B00B20C59 /* main.m in Sources */,
				1C2266BF19A43F1300B20C59 /* BWViewController.m in Sources */,
				1C2266B919A43EC100B20C59 /* SignInViewController.m in Sources */,
				1C22669319A43E8B00B20C59 /* BWAppDelegate.m in Sources */,
			);
			runOnlyForDeploymentPostprocessing = 0;
		};
		1C22669C19A43E8B00B20C59 /* Sources */ = {
			isa = PBXSourcesBuildPhase;
			buildActionMask = 2147483647;
			files = (
				1C2266AE19A43E8B00B20C59 /* NSUserDefaults__Segues__and_Protocols_Challenge_SolutionTests.m in Sources */,
			);
			runOnlyForDeploymentPostprocessing = 0;
		};
/* End PBXSourcesBuildPhase section */

/* Begin PBXTargetDependency section */
		1C2266A619A43E8B00B20C59 /* PBXTargetDependency */ = {
			isa = PBXTargetDependency;
			target = 1C22667E19A43E8B00B20C59 /* NSUserDefaults, Segues, and Protocols Challenge Solution */;
			targetProxy = 1C2266A519A43E8B00B20C59 /* PBXContainerItemProxy */;
		};
/* End PBXTargetDependency section */

/* Begin PBXVariantGroup section */
		1C22668B19A43E8B00B20C59 /* InfoPlist.strings */ = {
			isa = PBXVariantGroup;
			children = (
				1C22668C19A43E8B00B20C59 /* en */,
			);
			name = InfoPlist.strings;
			sourceTree = "<group>";
		};
		1C22669419A43E8B00B20C59 /* Main.storyboard */ = {
			isa = PBXVariantGroup;
			children = (
				1C22669519A43E8B00B20C59 /* Base */,
			);
			name = Main.storyboard;
			sourceTree = "<group>";
		};
		1C2266AA19A43E8B00B20C59 /* InfoPlist.strings */ = {
			isa = PBXVariantGroup;
			children = (
				1C2266AB19A43E8B00B20C59 /* en */,
			);
			name = InfoPlist.strings;
			sourceTree = "<group>";
		};
/* End PBXVariantGroup section */

/* Begin XCBuildConfiguration section */
		1C2266AF19A43E8B00B20C59 /* Debug */ = {
			isa = XCBuildConfiguration;
			buildSettings = {
				ALWAYS_SEARCH_USER_PATHS = NO;
				CLANG_CXX_LANGUAGE_STANDARD = "gnu++0x";
				CLANG_CXX_LIBRARY = "libc++";
				CLANG_ENABLE_MODULES = YES;
				CLANG_ENABLE_OBJC_ARC = YES;
				CLANG_WARN_BOOL_CONVERSION = YES;
				CLANG_WARN_CONSTANT_CONVERSION = YES;
				CLANG_WARN_DIRECT_OBJC_ISA_USAGE = YES_ERROR;
				CLANG_WARN_EMPTY_BODY = YES;
				CLANG_WARN_ENUM_CONVERSION = YES;
				CLANG_WARN_INT_CONVERSION = YES;
				CLANG_WARN_OBJC_ROOT_CLASS = YES_ERROR;
				CLANG_WARN__DUPLICATE_METHOD_MATCH = YES;
				"CODE_SIGN_IDENTITY[sdk=iphoneos*]" = "iPhone Developer";
				COPY_PHASE_STRIP = NO;
				GCC_C_LANGUAGE_STANDARD = gnu99;
				GCC_DYNAMIC_NO_PIC = NO;
				GCC_OPTIMIZATION_LEVEL = 0;
				GCC_PREPROCESSOR_DEFINITIONS = (
					"DEBUG=1",
					"$(inherited)",
				);
				GCC_SYMBOLS_PRIVATE_EXTERN = NO;
				GCC_WARN_64_TO_32_BIT_CONVERSION = YES;
				GCC_WARN_ABOUT_RETURN_TYPE = YES_ERROR;
				GCC_WARN_UNDECLARED_SELECTOR = YES;
				GCC_WARN_UNINITIALIZED_AUTOS = YES_AGGRESSIVE;
				GCC_WARN_UNUSED_FUNCTION = YES;
				GCC_WARN_UNUSED_VARIABLE = YES;
				IPHONEOS_DEPLOYMENT_TARGET = 7.1;
				ONLY_ACTIVE_ARCH = YES;
				SDKROOT = iphoneos;
			};
			name = Debug;
		};
		1C2266B019A43E8B00B20C59 /* Release */ = {
			isa = XCBuildConfiguration;
			buildSettings = {
				ALWAYS_SEARCH_USER_PATHS = NO;
				CLANG_CXX_LANGUAGE_STANDARD = "gnu++0x";
				CLANG_CXX_LIBRARY = "libc++";
				CLANG_ENABLE_MODULES = YES;
				CLANG_ENABLE_OBJC_ARC = YES;
				CLANG_WARN_BOOL_CONVERSION = YES;
				CLANG_WARN_CONSTANT_CONVERSION = YES;
				CLANG_WARN_DIRECT_OBJC_ISA_USAGE = YES_ERROR;
				CLANG_WARN_EMPTY_BODY = YES;
				CLANG_WARN_ENUM_CONVERSION = YES;
				CLANG_WARN_INT_CONVERSION = YES;
				CLANG_WARN_OBJC_ROOT_CLASS = YES_ERROR;
				CLANG_WARN__DUPLICATE_METHOD_MATCH = YES;
				"CODE_SIGN_IDENTITY[sdk=iphoneos*]" = "iPhone Developer";
				COPY_PHASE_STRIP = YES;
				ENABLE_NS_ASSERTIONS = NO;
				GCC_C_LANGUAGE_STANDARD = gnu99;
				GCC_WARN_64_TO_32_BIT_CONVERSION = YES;
				GCC_WARN_ABOUT_RETURN_TYPE = YES_ERROR;
				GCC_WARN_UNDECLARED_SELECTOR = YES;
				GCC_WARN_UNINITIALIZED_AUTOS = YES_AGGRESSIVE;
				GCC_WARN_UNUSED_FUNCTION = YES;
				GCC_WARN_UNUSED_VARIABLE = YES;
				IPHONEOS_DEPLOYMENT_TARGET = 7.1;
				SDKROOT = iphoneos;
				VALIDATE_PRODUCT = YES;
			};
			name = Release;
		};
		1C2266B219A43E8B00B20C59 /* Debug */ = {
			isa = XCBuildConfiguration;
			buildSettings = {
				ASSETCATALOG_COMPILER_APPICON_NAME = AppIcon;
				ASSETCATALOG_COMPILER_LAUNCHIMAGE_NAME = LaunchImage;
				GCC_PRECOMPILE_PREFIX_HEADER = YES;
				GCC_PREFIX_HEADER = "NSUserDefaults, Segues, and Protocols Challenge Solution/NSUserDefaults, Segues, and Protocols Challenge Solution-Prefix.pch";
				INFOPLIST_FILE = "NSUserDefaults, Segues, and Protocols Challenge Solution/NSUserDefaults, Segues, and Protocols Challenge Solution-Info.plist";
				PRODUCT_NAME = "$(TARGET_NAME)";
				WRAPPER_EXTENSION = app;
			};
			name = Debug;
		};
		1C2266B319A43E8B00B20C59 /* Release */ = {
			isa = XCBuildConfiguration;
			buildSettings = {
				ASSETCATALOG_COMPILER_APPICON_NAME = AppIcon;
				ASSETCATALOG_COMPILER_LAUNCHIMAGE_NAME = LaunchImage;
				GCC_PRECOMPILE_PREFIX_HEADER = YES;
				GCC_PREFIX_HEADER = "NSUserDefaults, Segues, and Protocols Challenge Solution/NSUserDefaults, Segues, and Protocols Challenge Solution-Prefix.pch";
				INFOPLIST_FILE = "NSUserDefaults, Segues, and Protocols Challenge Solution/NSUserDefaults, Segues, and Protocols Challenge Solution-Info.plist";
				PRODUCT_NAME = "$(TARGET_NAME)";
				WRAPPER_EXTENSION = app;
			};
			name = Release;
		};
		1C2266B519A43E8B00B20C59 /* Debug */ = {
			isa = XCBuildConfiguration;
			buildSettings = {
				BUNDLE_LOADER = "$(BUILT_PRODUCTS_DIR)/NSUserDefaults, Segues, and Protocols Challenge Solution.app/NSUserDefaults, Segues, and Protocols Challenge Solution";
				FRAMEWORK_SEARCH_PATHS = (
					"$(SDKROOT)/Developer/Library/Frameworks",
					"$(inherited)",
					"$(DEVELOPER_FRAMEWORKS_DIR)",
				);
				GCC_PRECOMPILE_PREFIX_HEADER = YES;
				GCC_PREFIX_HEADER = "NSUserDefaults, Segues, and Protocols Challenge Solution/NSUserDefaults, Segues, and Protocols Challenge Solution-Prefix.pch";
				GCC_PREPROCESSOR_DEFINITIONS = (
					"DEBUG=1",
					"$(inherited)",
				);
				INFOPLIST_FILE = "NSUserDefaults, Segues, and Protocols Challenge SolutionTests/NSUserDefaults, Segues, and Protocols Challenge SolutionTests-Info.plist";
				PRODUCT_NAME = "$(TARGET_NAME)";
				TEST_HOST = "$(BUNDLE_LOADER)";
				WRAPPER_EXTENSION = xctest;
			};
			name = Debug;
		};
		1C2266B619A43E8B00B20C59 /* Release */ = {
			isa = XCBuildConfiguration;
			buildSettings = {
				BUNDLE_LOADER = "$(BUILT_PRODUCTS_DIR)/NSUserDefaults, Segues, and Protocols Challenge Solution.app/NSUserDefaults, Segues, and Protocols Challenge Solution";
				FRAMEWORK_SEARCH_PATHS = (
					"$(SDKROOT)/Developer/Library/Frameworks",
					"$(inherited)",
					"$(DEVELOPER_FRAMEWORKS_DIR)",
				);
				GCC_PRECOMPILE_PREFIX_HEADER = YES;
				GCC_PREFIX_HEADER = "NSUserDefaults, Segues, and Protocols Challenge Solution/NSUserDefaults, Segues, and Protocols Challenge Solution-Prefix.pch";
				INFOPLIST_FILE = "NSUserDefaults, Segues, and Protocols Challenge SolutionTests/NSUserDefaults, Segues, and Protocols Challenge SolutionTests-Info.plist";
				PRODUCT_NAME = "$(TARGET_NAME)";
				TEST_HOST = "$(BUNDLE_LOADER)";
				WRAPPER_EXTENSION = xctest;
			};
			name = Release;
		};
/* End XCBuildConfiguration section */

/* Begin XCConfigurationList section */
		1C22667A19A43E8B00B20C59 /* Build configuration list for PBXProject "NSUserDefaults, Segues, and Protocols Challenge Solution" */ = {
			isa = XCConfigurationList;
			buildConfigurations = (
				1C2266AF19A43E8B00B20C59 /* Debug */,
				1C2266B019A43E8B00B20C59 /* Release */,
			);
			defaultConfigurationIsVisible = 0;
			defaultConfigurationName = Release;
		};
		1C2266B119A43E8B00B20C59 /* Build configuration list for PBXNativeTarget "NSUserDefaults, Segues, and Protocols Challenge Solution" */ = {
			isa = XCConfigurationList;
			buildConfigurations = (
				1C2266B219A43E8B00B20C59 /* Debug */,
				1C2266B319A43E8B00B20C59 /* Release */,
			);
			defaultConfigurationIsVisible = 0;
			defaultConfigurationName = Release;
		};
		1C2266B419A43E8B00B20C59 /* Build configuration list for PBXNativeTarget "NSUserDefaults, Segues, and Protocols Challenge SolutionTests" */ = {
			isa = XCConfigurationList;
			buildConfigurations = (
				1C2266B519A43E8B00B20C59 /* Debug */,
				1C2266B619A43E8B00B20C59 /* Release */,
			);
			defaultConfigurationIsVisible = 0;
			defaultConfigurationName = Release;
		};
/* End XCConfigurationList section */
	};
	rootObject = 1C22667719A43E8B00B20C59 /* Project object */;
}
